Microsoft Visual Studio Solution File, Format Version 12.00
# Visual Studio 2012
Project("{FAE04EC0-301F-11D3-BF4B-00C04F79EFBC}") = "OpenWorldProject", "OpenWorldProject.csproj", "{AEABA87D-A8B3-48A4-A827-10C28AF174F2}"
EndProject
Global
	GlobalSection(SolutionConfigurationPlatforms) = preSolution
	Debug|Any CPU = Debug|Any CPU
	ExportDebug|Any CPU = ExportDebug|Any CPU
	ExportRelease|Any CPU = ExportRelease|Any CPU
	EndGlobalSection
	GlobalSection(ProjectConfigurationPlatforms) = postSolution
		{AEABA87D-A8B3-48A4-A827-10C28AF174F2}.Debug|Any CPU.ActiveCfg = Debug|Any CPU
		{AEABA87D-A8B3-48A4-A827-10C28AF174F2}.Debug|Any CPU.Build.0 = Debug|Any CPU
		{AEABA87D-A8B3-48A4-A827-10C28AF174F2}.ExportDebug|Any CPU.ActiveCfg = ExportDebug|Any CPU
		{AEABA87D-A8B3-48A4-A827-10C28AF174F2}.ExportDebug|Any CPU.Build.0 = ExportDebug|Any CPU
		{AEABA87D-A8B3-48A4-A827-10C28AF174F2}.ExportRelease|Any CPU.ActiveCfg = ExportRelease|Any CPU
		{AEABA87D-A8B3-48A4-A827-10C28AF174F2}.ExportRelease|Any CPU.Build.0 = ExportRelease|Any CPU
	EndGlobalSection
EndGlobal
