Microsoft Visual Studio Solution File, Format Version 12.00
# Visual Studio 2012
Project("{FAE04EC0-301F-11D3-BF4B-00C04F79EFBC}") = "godot1", "godot1.csproj", "{F7D17CD2-F27B-4FFB-9E5F-AD36AC32A190}"
EndProject
Global
	GlobalSection(SolutionConfigurationPlatforms) = preSolution
	Debug|Any CPU = Debug|Any CPU
	ExportDebug|Any CPU = ExportDebug|Any CPU
	ExportRelease|Any CPU = ExportRelease|Any CPU
	EndGlobalSection
	GlobalSection(ProjectConfigurationPlatforms) = postSolution
		{F7D17CD2-F27B-4FFB-9E5F-AD36AC32A190}.Debug|Any CPU.ActiveCfg = Debug|Any CPU
		{F7D17CD2-F27B-4FFB-9E5F-AD36AC32A190}.Debug|Any CPU.Build.0 = Debug|Any CPU
		{F7D17CD2-F27B-4FFB-9E5F-AD36AC32A190}.ExportDebug|Any CPU.ActiveCfg = ExportDebug|Any CPU
		{F7D17CD2-F27B-4FFB-9E5F-AD36AC32A190}.ExportDebug|Any CPU.Build.0 = ExportDebug|Any CPU
		{F7D17CD2-F27B-4FFB-9E5F-AD36AC32A190}.ExportRelease|Any CPU.ActiveCfg = ExportRelease|Any CPU
		{F7D17CD2-F27B-4FFB-9E5F-AD36AC32A190}.ExportRelease|Any CPU.Build.0 = ExportRelease|Any CPU
	EndGlobalSection
EndGlobal
